
Microsoft Visual Studio Solution File, Format Version 12.00
# Visual Studio Version 17
VisualStudioVersion = 17.9.34616.47
MinimumVisualStudioVersion = 10.0.40219.1
Project("{2150E333-8FDC-42A3-9474-1A3956D46DE8}") = "src", "src", "{58B5A3FF-F11A-4E12-9EE8-ABBDD89D5082}"
EndProject
Project("{2150E333-8FDC-42A3-9474-1A3956D46DE8}") = "tests", "tests", "{D0F55BF9-A096-4DF0-BD61-460889316A5D}"
EndProject
Project("{FAE04EC0-301F-11D3-BF4B-00C04F79EFBC}") = "Leilao.API", "src\Leilao.API\Leilao.API.csproj", "{833ABC4D-8A8C-4963-87C5-DD9AE09C67BB}"
EndProject
Global
	GlobalSection(SolutionConfigurationPlatforms) = preSolution
		Debug|Any CPU = Debug|Any CPU
		Release|Any CPU = Release|Any CPU
	EndGlobalSection
	GlobalSection(ProjectConfigurationPlatforms) = postSolution
		{833ABC4D-8A8C-4963-87C5-DD9AE09C67BB}.Debug|Any CPU.ActiveCfg = Debug|Any CPU
		{833ABC4D-8A8C-4963-87C5-DD9AE09C67BB}.Debug|Any CPU.Build.0 = Debug|Any CPU
		{833ABC4D-8A8C-4963-87C5-DD9AE09C67BB}.Release|Any CPU.ActiveCfg = Release|Any CPU
		{833ABC4D-8A8C-4963-87C5-DD9AE09C67BB}.Release|Any CPU.Build.0 = Release|Any CPU
	EndGlobalSection
	GlobalSection(SolutionProperties) = preSolution
		HideSolutionNode = FALSE
	EndGlobalSection
	GlobalSection(NestedProjects) = preSolution
		{833ABC4D-8A8C-4963-87C5-DD9AE09C67BB} = {58B5A3FF-F11A-4E12-9EE8-ABBDD89D5082}
	EndGlobalSection
	GlobalSection(ExtensibilityGlobals) = postSolution
		SolutionGuid = {E1CD2780-BB58-4D4B-BA98-0CD73D3EBAB4}
	EndGlobalSection
EndGlobal
